
Microsoft Visual Studio Solution File, Format Version 12.00
# Visual Studio 14
VisualStudioVersion = 14.0.25123.0
MinimumVisualStudioVersion = 10.0.40219.1
Project("{FAE04EC0-301F-11D3-BF4B-00C04F79EFBC}") = "Retry", "Retry\Retry.csproj", "{C236FC06-ECAC-45CF-8294-01C143E57660}"
EndProject
Project("{FAE04EC0-301F-11D3-BF4B-00C04F79EFBC}") = "Retry.Tests.Unit", "Retry.Tests.Unit\Retry.Tests.Unit.csproj", "{36ACB736-C4C2-45A7-AEE0-334E53AA6FF3}"
EndProject
Project("{FAE04EC0-301F-11D3-BF4B-00C04F79EFBC}") = "Retry_Samples", "Retry_Samples\Retry_Samples.csproj", "{EBCCDAB7-26AD-4F74-A5E8-413447E738A4}"
EndProject
Global
	GlobalSection(SolutionConfigurationPlatforms) = preSolution
		Debug|Any CPU = Debug|Any CPU
		Release|Any CPU = Release|Any CPU
	EndGlobalSection
	GlobalSection(ProjectConfigurationPlatforms) = postSolution
		{C236FC06-ECAC-45CF-8294-01C143E57660}.Debug|Any CPU.ActiveCfg = Debug|Any CPU
		{C236FC06-ECAC-45CF-8294-01C143E57660}.Debug|Any CPU.Build.0 = Debug|Any CPU
		{C236FC06-ECAC-45CF-8294-01C143E57660}.Release|Any CPU.ActiveCfg = Release|Any CPU
		{C236FC06-ECAC-45CF-8294-01C143E57660}.Release|Any CPU.Build.0 = Release|Any CPU
		{36ACB736-C4C2-45A7-AEE0-334E53AA6FF3}.Debug|Any CPU.ActiveCfg = Debug|Any CPU
		{36ACB736-C4C2-45A7-AEE0-334E53AA6FF3}.Debug|Any CPU.Build.0 = Debug|Any CPU
		{36ACB736-C4C2-45A7-AEE0-334E53AA6FF3}.Release|Any CPU.ActiveCfg = Release|Any CPU
		{36ACB736-C4C2-45A7-AEE0-334E53AA6FF3}.Release|Any CPU.Build.0 = Release|Any CPU
		{EBCCDAB7-26AD-4F74-A5E8-413447E738A4}.Debug|Any CPU.ActiveCfg = Debug|Any CPU
		{EBCCDAB7-26AD-4F74-A5E8-413447E738A4}.Debug|Any CPU.Build.0 = Debug|Any CPU
		{EBCCDAB7-26AD-4F74-A5E8-413447E738A4}.Release|Any CPU.ActiveCfg = Release|Any CPU
		{EBCCDAB7-26AD-4F74-A5E8-413447E738A4}.Release|Any CPU.Build.0 = Release|Any CPU
	EndGlobalSection
	GlobalSection(SolutionProperties) = preSolution
		HideSolutionNode = FALSE
	EndGlobalSection
EndGlobal
