
Microsoft Visual Studio Solution File, Format Version 12.00
# Visual Studio 14
VisualStudioVersion = 14.0.25123.0
MinimumVisualStudioVersion = 10.0.40219.1
Project("{2150E333-8FDC-42A3-9474-1A3956D46DE8}") = "Solution Items", "Solution Items", "{30F1628D-F7E6-402E-9916-FDA3D1514251}"
	ProjectSection(SolutionItems) = preProject
		CodeCoverage.runsettings = CodeCoverage.runsettings
		CONTRIBUTING.md = CONTRIBUTING.md
		ListVariables.ps1 = ListVariables.ps1
		README.md = README.md
		SetAssemblyVersion.ps1 = SetAssemblyVersion.ps1
	EndProjectSection
EndProject
Project("{FAE04EC0-301F-11D3-BF4B-00C04F79EFBC}") = "TryIt.Tests.Unit", "TryIt.Tests.Unit\TryIt.Tests.Unit.csproj", "{36ACB736-C4C2-45A7-AEE0-334E53AA6FF3}"
EndProject
Project("{FAE04EC0-301F-11D3-BF4B-00C04F79EFBC}") = "TryIt_Examples", "TryIt_Examples\TryIt_Examples.csproj", "{EBCCDAB7-26AD-4F74-A5E8-413447E738A4}"
EndProject
Project("{FAE04EC0-301F-11D3-BF4B-00C04F79EFBC}") = "yozepi.TryIt.PCL", "yozepi.TryIt.PCL\yozepi.TryIt.PCL.csproj", "{DC7307EC-9CBD-43F9-9933-B2193A37A8ED}"
EndProject
Global
	GlobalSection(SolutionConfigurationPlatforms) = preSolution
		Debug|Any CPU = Debug|Any CPU
		Release|Any CPU = Release|Any CPU
	EndGlobalSection
	GlobalSection(ProjectConfigurationPlatforms) = postSolution
		{36ACB736-C4C2-45A7-AEE0-334E53AA6FF3}.Debug|Any CPU.ActiveCfg = Debug|Any CPU
		{36ACB736-C4C2-45A7-AEE0-334E53AA6FF3}.Debug|Any CPU.Build.0 = Debug|Any CPU
		{36ACB736-C4C2-45A7-AEE0-334E53AA6FF3}.Release|Any CPU.ActiveCfg = Release|Any CPU
		{36ACB736-C4C2-45A7-AEE0-334E53AA6FF3}.Release|Any CPU.Build.0 = Release|Any CPU
		{EBCCDAB7-26AD-4F74-A5E8-413447E738A4}.Debug|Any CPU.ActiveCfg = Debug|Any CPU
		{EBCCDAB7-26AD-4F74-A5E8-413447E738A4}.Debug|Any CPU.Build.0 = Debug|Any CPU
		{EBCCDAB7-26AD-4F74-A5E8-413447E738A4}.Release|Any CPU.ActiveCfg = Release|Any CPU
		{EBCCDAB7-26AD-4F74-A5E8-413447E738A4}.Release|Any CPU.Build.0 = Release|Any CPU
		{DC7307EC-9CBD-43F9-9933-B2193A37A8ED}.Debug|Any CPU.ActiveCfg = Debug|Any CPU
		{DC7307EC-9CBD-43F9-9933-B2193A37A8ED}.Debug|Any CPU.Build.0 = Debug|Any CPU
		{DC7307EC-9CBD-43F9-9933-B2193A37A8ED}.Release|Any CPU.ActiveCfg = Release|Any CPU
		{DC7307EC-9CBD-43F9-9933-B2193A37A8ED}.Release|Any CPU.Build.0 = Release|Any CPU
	EndGlobalSection
	GlobalSection(SolutionProperties) = preSolution
		HideSolutionNode = FALSE
	EndGlobalSection
EndGlobal
